
Microsoft Visual Studio Solution File, Format Version 12.00
# Visual Studio 14
VisualStudioVersion = 14.0.25420.1
MinimumVisualStudioVersion = 10.0.40219.1
Project("{8BC9CEB8-8B4A-11D0-8D11-00A0C91BC942}") = "SimpleFactory", "SimpleFactory\SimpleFactory.vcxproj", "{9E38B296-2132-4419-8F36-48044C7C68B4}"
EndProject
Project("{8BC9CEB8-8B4A-11D0-8D11-00A0C91BC942}") = "FactoryMethod", "FactoryMethod\FactoryMethod.vcxproj", "{873E03D9-D1E8-49C5-A473-9EFBD099D310}"
EndProject
Project("{8BC9CEB8-8B4A-11D0-8D11-00A0C91BC942}") = "Singleton", "Singleton\Singleton.vcxproj", "{F13B9956-A330-4865-BF29-D844CC84780C}"
EndProject
Project("{8BC9CEB8-8B4A-11D0-8D11-00A0C91BC942}") = "Builder", "Builder\Builder.vcxproj", "{4C4CCD3D-A085-4865-AC90-E3DCD93D4C2E}"
EndProject
Project("{8BC9CEB8-8B4A-11D0-8D11-00A0C91BC942}") = "Prototype", "Prototype\Prototype.vcxproj", "{FBED778C-1931-4488-9F94-4FBC71DBC512}"
EndProject
Project("{8BC9CEB8-8B4A-11D0-8D11-00A0C91BC942}") = "Strategy", "Strategy\Strategy.vcxproj", "{EB30E7F8-E55F-4529-A9C8-C9D771DE92C8}"
EndProject
Project("{8BC9CEB8-8B4A-11D0-8D11-00A0C91BC942}") = "Portfolio", "Portfolio\Portfolio.vcxproj", "{C8BC7777-400C-438C-AB58-A0716BF2FD0E}"
EndProject
Project("{8BC9CEB8-8B4A-11D0-8D11-00A0C91BC942}") = "Proxy", "Proxy\Proxy.vcxproj", "{483D4FDB-6B6C-499D-9D23-B0707D2E5B00}"
EndProject
Global
	GlobalSection(SolutionConfigurationPlatforms) = preSolution
		Debug|x64 = Debug|x64
		Debug|x86 = Debug|x86
		Release|x64 = Release|x64
		Release|x86 = Release|x86
	EndGlobalSection
	GlobalSection(ProjectConfigurationPlatforms) = postSolution
		{9E38B296-2132-4419-8F36-48044C7C68B4}.Debug|x64.ActiveCfg = Debug|x64
		{9E38B296-2132-4419-8F36-48044C7C68B4}.Debug|x64.Build.0 = Debug|x64
		{9E38B296-2132-4419-8F36-48044C7C68B4}.Debug|x86.ActiveCfg = Debug|Win32
		{9E38B296-2132-4419-8F36-48044C7C68B4}.Debug|x86.Build.0 = Debug|Win32
		{9E38B296-2132-4419-8F36-48044C7C68B4}.Release|x64.ActiveCfg = Release|x64
		{9E38B296-2132-4419-8F36-48044C7C68B4}.Release|x64.Build.0 = Release|x64
		{9E38B296-2132-4419-8F36-48044C7C68B4}.Release|x86.ActiveCfg = Release|Win32
		{9E38B296-2132-4419-8F36-48044C7C68B4}.Release|x86.Build.0 = Release|Win32
		{873E03D9-D1E8-49C5-A473-9EFBD099D310}.Debug|x64.ActiveCfg = Debug|x64
		{873E03D9-D1E8-49C5-A473-9EFBD099D310}.Debug|x64.Build.0 = Debug|x64
		{873E03D9-D1E8-49C5-A473-9EFBD099D310}.Debug|x86.ActiveCfg = Debug|Win32
		{873E03D9-D1E8-49C5-A473-9EFBD099D310}.Debug|x86.Build.0 = Debug|Win32
		{873E03D9-D1E8-49C5-A473-9EFBD099D310}.Release|x64.ActiveCfg = Release|x64
		{873E03D9-D1E8-49C5-A473-9EFBD099D310}.Release|x64.Build.0 = Release|x64
		{873E03D9-D1E8-49C5-A473-9EFBD099D310}.Release|x86.ActiveCfg = Release|Win32
		{873E03D9-D1E8-49C5-A473-9EFBD099D310}.Release|x86.Build.0 = Release|Win32
		{F13B9956-A330-4865-BF29-D844CC84780C}.Debug|x64.ActiveCfg = Debug|x64
		{F13B9956-A330-4865-BF29-D844CC84780C}.Debug|x64.Build.0 = Debug|x64
		{F13B9956-A330-4865-BF29-D844CC84780C}.Debug|x86.ActiveCfg = Debug|Win32
		{F13B9956-A330-4865-BF29-D844CC84780C}.Debug|x86.Build.0 = Debug|Win32
		{F13B9956-A330-4865-BF29-D844CC84780C}.Release|x64.ActiveCfg = Release|x64
		{F13B9956-A330-4865-BF29-D844CC84780C}.Release|x64.Build.0 = Release|x64
		{F13B9956-A330-4865-BF29-D844CC84780C}.Release|x86.ActiveCfg = Release|Win32
		{F13B9956-A330-4865-BF29-D844CC84780C}.Release|x86.Build.0 = Release|Win32
		{4C4CCD3D-A085-4865-AC90-E3DCD93D4C2E}.Debug|x64.ActiveCfg = Debug|x64
		{4C4CCD3D-A085-4865-AC90-E3DCD93D4C2E}.Debug|x64.Build.0 = Debug|x64
		{4C4CCD3D-A085-4865-AC90-E3DCD93D4C2E}.Debug|x86.ActiveCfg = Debug|Win32
		{4C4CCD3D-A085-4865-AC90-E3DCD93D4C2E}.Debug|x86.Build.0 = Debug|Win32
		{4C4CCD3D-A085-4865-AC90-E3DCD93D4C2E}.Release|x64.ActiveCfg = Release|x64
		{4C4CCD3D-A085-4865-AC90-E3DCD93D4C2E}.Release|x64.Build.0 = Release|x64
		{4C4CCD3D-A085-4865-AC90-E3DCD93D4C2E}.Release|x86.ActiveCfg = Release|Win32
		{4C4CCD3D-A085-4865-AC90-E3DCD93D4C2E}.Release|x86.Build.0 = Release|Win32
		{FBED778C-1931-4488-9F94-4FBC71DBC512}.Debug|x64.ActiveCfg = Debug|x64
		{FBED778C-1931-4488-9F94-4FBC71DBC512}.Debug|x64.Build.0 = Debug|x64
		{FBED778C-1931-4488-9F94-4FBC71DBC512}.Debug|x86.ActiveCfg = Debug|Win32
		{FBED778C-1931-4488-9F94-4FBC71DBC512}.Debug|x86.Build.0 = Debug|Win32
		{FBED778C-1931-4488-9F94-4FBC71DBC512}.Release|x64.ActiveCfg = Release|x64
		{FBED778C-1931-4488-9F94-4FBC71DBC512}.Release|x64.Build.0 = Release|x64
		{FBED778C-1931-4488-9F94-4FBC71DBC512}.Release|x86.ActiveCfg = Release|Win32
		{FBED778C-1931-4488-9F94-4FBC71DBC512}.Release|x86.Build.0 = Release|Win32
		{EB30E7F8-E55F-4529-A9C8-C9D771DE92C8}.Debug|x64.ActiveCfg = Debug|x64
		{EB30E7F8-E55F-4529-A9C8-C9D771DE92C8}.Debug|x64.Build.0 = Debug|x64
		{EB30E7F8-E55F-4529-A9C8-C9D771DE92C8}.Debug|x86.ActiveCfg = Debug|Win32
		{EB30E7F8-E55F-4529-A9C8-C9D771DE92C8}.Debug|x86.Build.0 = Debug|Win32
		{EB30E7F8-E55F-4529-A9C8-C9D771DE92C8}.Release|x64.ActiveCfg = Release|x64
		{EB30E7F8-E55F-4529-A9C8-C9D771DE92C8}.Release|x64.Build.0 = Release|x64
		{EB30E7F8-E55F-4529-A9C8-C9D771DE92C8}.Release|x86.ActiveCfg = Release|Win32
		{EB30E7F8-E55F-4529-A9C8-C9D771DE92C8}.Release|x86.Build.0 = Release|Win32
		{C8BC7777-400C-438C-AB58-A0716BF2FD0E}.Debug|x64.ActiveCfg = Debug|x64
		{C8BC7777-400C-438C-AB58-A0716BF2FD0E}.Debug|x64.Build.0 = Debug|x64
		{C8BC7777-400C-438C-AB58-A0716BF2FD0E}.Debug|x86.ActiveCfg = Debug|Win32
		{C8BC7777-400C-438C-AB58-A0716BF2FD0E}.Debug|x86.Build.0 = Debug|Win32
		{C8BC7777-400C-438C-AB58-A0716BF2FD0E}.Release|x64.ActiveCfg = Release|x64
		{C8BC7777-400C-438C-AB58-A0716BF2FD0E}.Release|x64.Build.0 = Release|x64
		{C8BC7777-400C-438C-AB58-A0716BF2FD0E}.Release|x86.ActiveCfg = Release|Win32
		{C8BC7777-400C-438C-AB58-A0716BF2FD0E}.Release|x86.Build.0 = Release|Win32
		{483D4FDB-6B6C-499D-9D23-B0707D2E5B00}.Debug|x64.ActiveCfg = Debug|x64
		{483D4FDB-6B6C-499D-9D23-B0707D2E5B00}.Debug|x64.Build.0 = Debug|x64
		{483D4FDB-6B6C-499D-9D23-B0707D2E5B00}.Debug|x86.ActiveCfg = Debug|Win32
		{483D4FDB-6B6C-499D-9D23-B0707D2E5B00}.Debug|x86.Build.0 = Debug|Win32
		{483D4FDB-6B6C-499D-9D23-B0707D2E5B00}.Release|x64.ActiveCfg = Release|x64
		{483D4FDB-6B6C-499D-9D23-B0707D2E5B00}.Release|x64.Build.0 = Release|x64
		{483D4FDB-6B6C-499D-9D23-B0707D2E5B00}.Release|x86.ActiveCfg = Release|Win32
		{483D4FDB-6B6C-499D-9D23-B0707D2E5B00}.Release|x86.Build.0 = Release|Win32
	EndGlobalSection
	GlobalSection(SolutionProperties) = preSolution
		HideSolutionNode = FALSE
	EndGlobalSection
EndGlobal
